// !$*UTF8*$!
{
	archiveVersion = 1;
	classes = {
	};
	objectVersion = 52;
	objects = {

/* Begin PBXBuildFile section */
		8B272EA6235FC9CB007AE3EF /* AppDelegate.swift in Sources */ = {isa = PBXBuildFile; fileRef = 8B272EA5235FC9CB007AE3EF /* AppDelegate.swift */; };
		8B272EA8235FC9CB007AE3EF /* SceneDelegate.swift in Sources */ = {isa = PBXBuildFile; fileRef = 8B272EA7235FC9CB007AE3EF /* SceneDelegate.swift */; };
		8B272EAC235FC9CD007AE3EF /* Assets.xcassets in Resources */ = {isa = PBXBuildFile; fileRef = 8B272EAB235FC9CD007AE3EF /* Assets.xcassets */; };
		8B272EAF235FC9CD007AE3EF /* Preview Assets.xcassets in Resources */ = {isa = PBXBuildFile; fileRef = 8B272EAE235FC9CD007AE3EF /* Preview Assets.xcassets */; };
		8B272EB2235FC9CD007AE3EF /* LaunchScreen.storyboard in Resources */ = {isa = PBXBuildFile; fileRef = 8B272EB0235FC9CD007AE3EF /* LaunchScreen.storyboard */; };
		8B272EBA235FCA56007AE3EF /* ViewController.swift in Sources */ = {isa = PBXBuildFile; fileRef = 8B272EB9235FCA56007AE3EF /* ViewController.swift */; };
		8B272EBC235FCAEA007AE3EF /* Main.storyboard in Resources */ = {isa = PBXBuildFile; fileRef = 8B272EBB235FCAEA007AE3EF /* Main.storyboard */; };
		8B272EBE235FCB42007AE3EF /* Renderer.swift in Sources */ = {isa = PBXBuildFile; fileRef = 8B272EBD235FCB42007AE3EF /* Renderer.swift */; };
		8B272EC0235FCC29007AE3EF /* Primitive.swift in Sources */ = {isa = PBXBuildFile; fileRef = 8B272EBF235FCC29007AE3EF /* Primitive.swift */; };
		8B272EC2235FD066007AE3EF /* Shaders.metal in Sources */ = {isa = PBXBuildFile; fileRef = 8B272EC1235FD066007AE3EF /* Shaders.metal */; };
		8B272EC42367C033007AE3EF /* Vertex.swift in Sources */ = {isa = PBXBuildFile; fileRef = 8B272EC32367C033007AE3EF /* Vertex.swift */; };
		8B272EC62367D2A9007AE3EF /* cube.obj in Resources */ = {isa = PBXBuildFile; fileRef = 8B272EC52367D2A9007AE3EF /* cube.obj */; };
		8BEAAE8D237B9A2C005CDB8F /* SwiftUIKit in Frameworks */ = {isa = PBXBuildFile; productRef = 8BEAAE8C237B9A2C005CDB8F /* SwiftUIKit */; };
		8BEAAE90237BA22F005CDB8F /* TriangleRenderer.swift in Sources */ = {isa = PBXBuildFile; fileRef = 8BEAAE8F237BA22F005CDB8F /* TriangleRenderer.swift */; };
/* End PBXBuildFile section */

/* Begin PBXFileReference section */
		8B272EA2235FC9CB007AE3EF /* MetalTutoral.app */ = {isa = PBXFileReference; explicitFileType = wrapper.application; includeInIndex = 0; path = MetalTutoral.app; sourceTree = BUILT_PRODUCTS_DIR; };
		8B272EA5235FC9CB007AE3EF /* AppDelegate.swift */ = {isa = PBXFileReference; lastKnownFileType = sourcecode.swift; path = AppDelegate.swift; sourceTree = "<group>"; };
		8B272EA7235FC9CB007AE3EF /* SceneDelegate.swift */ = {isa = PBXFileReference; lastKnownFileType = sourcecode.swift; path = SceneDelegate.swift; sourceTree = "<group>"; };
		8B272EAB235FC9CD007AE3EF /* Assets.xcassets */ = {isa = PBXFileReference; lastKnownFileType = folder.assetcatalog; path = Assets.xcassets; sourceTree = "<group>"; };
		8B272EAE235FC9CD007AE3EF /* Preview Assets.xcassets */ = {isa = PBXFileReference; lastKnownFileType = folder.assetcatalog; path = "Preview Assets.xcassets"; sourceTree = "<group>"; };
		8B272EB1235FC9CD007AE3EF /* Base */ = {isa = PBXFileReference; lastKnownFileType = file.storyboard; name = Base; path = Base.lproj/LaunchScreen.storyboard; sourceTree = "<group>"; };
		8B272EB3235FC9CD007AE3EF /* Info.plist */ = {isa = PBXFileReference; lastKnownFileType = text.plist.xml; path = Info.plist; sourceTree = "<group>"; };
		8B272EB9235FCA56007AE3EF /* ViewController.swift */ = {isa = PBXFileReference; lastKnownFileType = sourcecode.swift; path = ViewController.swift; sourceTree = "<group>"; };
		8B272EBB235FCAEA007AE3EF /* Main.storyboard */ = {isa = PBXFileReference; lastKnownFileType = file.storyboard; path = Main.storyboard; sourceTree = "<group>"; };
		8B272EBD235FCB42007AE3EF /* Renderer.swift */ = {isa = PBXFileReference; lastKnownFileType = sourcecode.swift; path = Renderer.swift; sourceTree = "<group>"; };
		8B272EBF235FCC29007AE3EF /* Primitive.swift */ = {isa = PBXFileReference; lastKnownFileType = sourcecode.swift; path = Primitive.swift; sourceTree = "<group>"; };
		8B272EC1235FD066007AE3EF /* Shaders.metal */ = {isa = PBXFileReference; lastKnownFileType = sourcecode.metal; path = Shaders.metal; sourceTree = "<group>"; };
		8B272EC32367C033007AE3EF /* Vertex.swift */ = {isa = PBXFileReference; lastKnownFileType = sourcecode.swift; path = Vertex.swift; sourceTree = "<group>"; };
		8B272EC52367D2A9007AE3EF /* cube.obj */ = {isa = PBXFileReference; fileEncoding = 4; lastKnownFileType = text; name = cube.obj; path = ../../cube.obj; sourceTree = "<group>"; };
		8BEAAE8F237BA22F005CDB8F /* TriangleRenderer.swift */ = {isa = PBXFileReference; lastKnownFileType = sourcecode.swift; path = TriangleRenderer.swift; sourceTree = "<group>"; };
/* End PBXFileReference section */

/* Begin PBXFrameworksBuildPhase section */
		8B272E9F235FC9CB007AE3EF /* Frameworks */ = {
			isa = PBXFrameworksBuildPhase;
			buildActionMask = 2147483647;
			files = (
				8BEAAE8D237B9A2C005CDB8F /* SwiftUIKit in Frameworks */,
			);
			runOnlyForDeploymentPostprocessing = 0;
		};
/* End PBXFrameworksBuildPhase section */

/* Begin PBXGroup section */
		8B272E99235FC9CB007AE3EF = {
			isa = PBXGroup;
			children = (
				8B272EA4235FC9CB007AE3EF /* MetalTutoral */,
				8B272EA3235FC9CB007AE3EF /* Products */,
			);
			sourceTree = "<group>";
		};
		8B272EA3235FC9CB007AE3EF /* Products */ = {
			isa = PBXGroup;
			children = (
				8B272EA2235FC9CB007AE3EF /* MetalTutoral.app */,
			);
			name = Products;
			sourceTree = "<group>";
		};
		8B272EA4235FC9CB007AE3EF /* MetalTutoral */ = {
			isa = PBXGroup;
			children = (
				8BEAAE8E237BA21B005CDB8F /* Renderers */,
				8B272EA5235FC9CB007AE3EF /* AppDelegate.swift */,
				8B272EA7235FC9CB007AE3EF /* SceneDelegate.swift */,
				8B272EAB235FC9CD007AE3EF /* Assets.xcassets */,
				8B272EC52367D2A9007AE3EF /* cube.obj */,
				8B272EB0235FC9CD007AE3EF /* LaunchScreen.storyboard */,
				8B272EB3235FC9CD007AE3EF /* Info.plist */,
				8B272EAD235FC9CD007AE3EF /* Preview Content */,
				8B272EB9235FCA56007AE3EF /* ViewController.swift */,
				8B272EBB235FCAEA007AE3EF /* Main.storyboard */,
				8B272EBF235FCC29007AE3EF /* Primitive.swift */,
				8B272EC1235FD066007AE3EF /* Shaders.metal */,
				8B272EC32367C033007AE3EF /* Vertex.swift */,
			);
			path = MetalTutoral;
			sourceTree = "<group>";
		};
		8B272EAD235FC9CD007AE3EF /* Preview Content */ = {
			isa = PBXGroup;
			children = (
				8B272EAE235FC9CD007AE3EF /* Preview Assets.xcassets */,
			);
			path = "Preview Content";
			sourceTree = "<group>";
		};
		8BEAAE8E237BA21B005CDB8F /* Renderers */ = {
			isa = PBXGroup;
			children = (
				8B272EBD235FCB42007AE3EF /* Renderer.swift */,
				8BEAAE8F237BA22F005CDB8F /* TriangleRenderer.swift */,
			);
			path = Renderers;
			sourceTree = "<group>";
		};
/* End PBXGroup section */

/* Begin PBXNativeTarget section */
		8B272EA1235FC9CB007AE3EF /* MetalTutoral */ = {
			isa = PBXNativeTarget;
			buildConfigurationList = 8B272EB6235FC9CD007AE3EF /* Build configuration list for PBXNativeTarget "MetalTutoral" */;
			buildPhases = (
				8B272E9E235FC9CB007AE3EF /* Sources */,
				8B272E9F235FC9CB007AE3EF /* Frameworks */,
				8B272EA0235FC9CB007AE3EF /* Resources */,
			);
			buildRules = (
			);
			dependencies = (
			);
			name = MetalTutoral;
			packageProductDependencies = (
				8BEAAE8C237B9A2C005CDB8F /* SwiftUIKit */,
			);
			productName = MetalTutoral;
			productReference = 8B272EA2235FC9CB007AE3EF /* MetalTutoral.app */;
			productType = "com.apple.product-type.application";
		};
/* End PBXNativeTarget section */

/* Begin PBXProject section */
		8B272E9A235FC9CB007AE3EF /* Project object */ = {
			isa = PBXProject;
			attributes = {
				LastSwiftUpdateCheck = 1100;
				LastUpgradeCheck = 1100;
				ORGANIZATIONNAME = developer;
				TargetAttributes = {
					8B272EA1235FC9CB007AE3EF = {
						CreatedOnToolsVersion = 11.0;
					};
				};
			};
			buildConfigurationList = 8B272E9D235FC9CB007AE3EF /* Build configuration list for PBXProject "MetalTutoral" */;
			compatibilityVersion = "Xcode 9.3";
			developmentRegion = en;
			hasScannedForEncodings = 0;
			knownRegions = (
				en,
				Base,
			);
			mainGroup = 8B272E99235FC9CB007AE3EF;
			packageReferences = (
				8BEAAE8B237B9A2C005CDB8F /* XCRemoteSwiftPackageReference "SwiftUIKit" */,
			);
			productRefGroup = 8B272EA3235FC9CB007AE3EF /* Products */;
			projectDirPath = "";
			projectRoot = "";
			targets = (
				8B272EA1235FC9CB007AE3EF /* MetalTutoral */,
			);
		};
/* End PBXProject section */

/* Begin PBXResourcesBuildPhase section */
		8B272EA0235FC9CB007AE3EF /* Resources */ = {
			isa = PBXResourcesBuildPhase;
			buildActionMask = 2147483647;
			files = (
				8B272EB2235FC9CD007AE3EF /* LaunchScreen.storyboard in Resources */,
				8B272EC62367D2A9007AE3EF /* cube.obj in Resources */,
				8B272EAF235FC9CD007AE3EF /* Preview Assets.xcassets in Resources */,
				8B272EAC235FC9CD007AE3EF /* Assets.xcassets in Resources */,
				8B272EBC235FCAEA007AE3EF /* Main.storyboard in Resources */,
			);
			runOnlyForDeploymentPostprocessing = 0;
		};
/* End PBXResourcesBuildPhase section */

/* Begin PBXSourcesBuildPhase section */
		8B272E9E235FC9CB007AE3EF /* Sources */ = {
			isa = PBXSourcesBuildPhase;
			buildActionMask = 2147483647;
			files = (
				8B272EA6235FC9CB007AE3EF /* AppDelegate.swift in Sources */,
				8B272EC2235FD066007AE3EF /* Shaders.metal in Sources */,
				8B272EC0235FCC29007AE3EF /* Primitive.swift in Sources */,
				8B272EA8235FC9CB007AE3EF /* SceneDelegate.swift in Sources */,
				8B272EBA235FCA56007AE3EF /* ViewController.swift in Sources */,
				8B272EC42367C033007AE3EF /* Vertex.swift in Sources */,
				8BEAAE90237BA22F005CDB8F /* TriangleRenderer.swift in Sources */,
				8B272EBE235FCB42007AE3EF /* Renderer.swift in Sources */,
			);
			runOnlyForDeploymentPostprocessing = 0;
		};
/* End PBXSourcesBuildPhase section */

/* Begin PBXVariantGroup section */
		8B272EB0235FC9CD007AE3EF /* LaunchScreen.storyboard */ = {
			isa = PBXVariantGroup;
			children = (
				8B272EB1235FC9CD007AE3EF /* Base */,
			);
			name = LaunchScreen.storyboard;
			sourceTree = "<group>";
		};
/* End PBXVariantGroup section */

/* Begin XCBuildConfiguration section */
		8B272EB4235FC9CD007AE3EF /* Debug */ = {
			isa = XCBuildConfiguration;
			buildSettings = {
				ALWAYS_SEARCH_USER_PATHS = NO;
				CLANG_ANALYZER_NONNULL = YES;
				CLANG_ANALYZER_NUMBER_OBJECT_CONVERSION = YES_AGGRESSIVE;
				CLANG_CXX_LANGUAGE_STANDARD = "gnu++14";
				CLANG_CXX_LIBRARY = "libc++";
				CLANG_ENABLE_MODULES = YES;
				CLANG_ENABLE_OBJC_ARC = YES;
				CLANG_ENABLE_OBJC_WEAK = YES;
				CLANG_WARN_BLOCK_CAPTURE_AUTORELEASING = YES;
				CLANG_WARN_BOOL_CONVERSION = YES;
				CLANG_WARN_COMMA = YES;
				CLANG_WARN_CONSTANT_CONVERSION = YES;
				CLANG_WARN_DEPRECATED_OBJC_IMPLEMENTATIONS = YES;
				CLANG_WARN_DIRECT_OBJC_ISA_USAGE = YES_ERROR;
				CLANG_WARN_DOCUMENTATION_COMMENTS = YES;
				CLANG_WARN_EMPTY_BODY = YES;
				CLANG_WARN_ENUM_CONVERSION = YES;
				CLANG_WARN_INFINITE_RECURSION = YES;
				CLANG_WARN_INT_CONVERSION = YES;
				CLANG_WARN_NON_LITERAL_NULL_CONVERSION = YES;
				CLANG_WARN_OBJC_IMPLICIT_RETAIN_SELF = YES;
				CLANG_WARN_OBJC_LITERAL_CONVERSION = YES;
				CLANG_WARN_OBJC_ROOT_CLASS = YES_ERROR;
				CLANG_WARN_RANGE_LOOP_ANALYSIS = YES;
				CLANG_WARN_STRICT_PROTOTYPES = YES;
				CLANG_WARN_SUSPICIOUS_MOVE = YES;
				CLANG_WARN_UNGUARDED_AVAILABILITY = YES_AGGRESSIVE;
				CLANG_WARN_UNREACHABLE_CODE = YES;
				CLANG_WARN__DUPLICATE_METHOD_MATCH = YES;
				COPY_PHASE_STRIP = NO;
				DEBUG_INFORMATION_FORMAT = dwarf;
				ENABLE_STRICT_OBJC_MSGSEND = YES;
				ENABLE_TESTABILITY = YES;
				GCC_C_LANGUAGE_STANDARD = gnu11;
				GCC_DYNAMIC_NO_PIC = NO;
				GCC_NO_COMMON_BLOCKS = YES;
				GCC_OPTIMIZATION_LEVEL = 0;
				GCC_PREPROCESSOR_DEFINITIONS = (
					"DEBUG=1",
					"$(inherited)",
				);
				GCC_WARN_64_TO_32_BIT_CONVERSION = YES;
				GCC_WARN_ABOUT_RETURN_TYPE = YES_ERROR;
				GCC_WARN_UNDECLARED_SELECTOR = YES;
				GCC_WARN_UNINITIALIZED_AUTOS = YES_AGGRESSIVE;
				GCC_WARN_UNUSED_FUNCTION = YES;
				GCC_WARN_UNUSED_VARIABLE = YES;
				IPHONEOS_DEPLOYMENT_TARGET = 13.0;
				MTL_ENABLE_DEBUG_INFO = INCLUDE_SOURCE;
				MTL_FAST_MATH = YES;
				ONLY_ACTIVE_ARCH = YES;
				SDKROOT = iphoneos;
				SWIFT_ACTIVE_COMPILATION_CONDITIONS = DEBUG;
				SWIFT_OPTIMIZATION_LEVEL = "-Onone";
			};
			name = Debug;
		};
		8B272EB5235FC9CD007AE3EF /* Release */ = {
			isa = XCBuildConfiguration;
			buildSettings = {
				ALWAYS_SEARCH_USER_PATHS = NO;
				CLANG_ANALYZER_NONNULL = YES;
				CLANG_ANALYZER_NUMBER_OBJECT_CONVERSION = YES_AGGRESSIVE;
				CLANG_CXX_LANGUAGE_STANDARD = "gnu++14";
				CLANG_CXX_LIBRARY = "libc++";
				CLANG_ENABLE_MODULES = YES;
				CLANG_ENABLE_OBJC_ARC = YES;
				CLANG_ENABLE_OBJC_WEAK = YES;
				CLANG_WARN_BLOCK_CAPTURE_AUTORELEASING = YES;
				CLANG_WARN_BOOL_CONVERSION = YES;
				CLANG_WARN_COMMA = YES;
				CLANG_WARN_CONSTANT_CONVERSION = YES;
				CLANG_WARN_DEPRECATED_OBJC_IMPLEMENTATIONS = YES;
				CLANG_WARN_DIRECT_OBJC_ISA_USAGE = YES_ERROR;
				CLANG_WARN_DOCUMENTATION_COMMENTS = YES;
				CLANG_WARN_EMPTY_BODY = YES;
				CLANG_WARN_ENUM_CONVERSION = YES;
				CLANG_WARN_INFINITE_RECURSION = YES;
				CLANG_WARN_INT_CONVERSION = YES;
				CLANG_WARN_NON_LITERAL_NULL_CONVERSION = YES;
				CLANG_WARN_OBJC_IMPLICIT_RETAIN_SELF = YES;
				CLANG_WARN_OBJC_LITERAL_CONVERSION = YES;
				CLANG_WARN_OBJC_ROOT_CLASS = YES_ERROR;
				CLANG_WARN_RANGE_LOOP_ANALYSIS = YES;
				CLANG_WARN_STRICT_PROTOTYPES = YES;
				CLANG_WARN_SUSPICIOUS_MOVE = YES;
				CLANG_WARN_UNGUARDED_AVAILABILITY = YES_AGGRESSIVE;
				CLANG_WARN_UNREACHABLE_CODE = YES;
				CLANG_WARN__DUPLICATE_METHOD_MATCH = YES;
				COPY_PHASE_STRIP = NO;
				DEBUG_INFORMATION_FORMAT = "dwarf-with-dsym";
				ENABLE_NS_ASSERTIONS = NO;
				ENABLE_STRICT_OBJC_MSGSEND = YES;
				GCC_C_LANGUAGE_STANDARD = gnu11;
				GCC_NO_COMMON_BLOCKS = YES;
				GCC_WARN_64_TO_32_BIT_CONVERSION = YES;
				GCC_WARN_ABOUT_RETURN_TYPE = YES_ERROR;
				GCC_WARN_UNDECLARED_SELECTOR = YES;
				GCC_WARN_UNINITIALIZED_AUTOS = YES_AGGRESSIVE;
				GCC_WARN_UNUSED_FUNCTION = YES;
				GCC_WARN_UNUSED_VARIABLE = YES;
				IPHONEOS_DEPLOYMENT_TARGET = 13.0;
				MTL_ENABLE_DEBUG_INFO = NO;
				MTL_FAST_MATH = YES;
				SDKROOT = iphoneos;
				SWIFT_COMPILATION_MODE = wholemodule;
				SWIFT_OPTIMIZATION_LEVEL = "-O";
				VALIDATE_PRODUCT = YES;
			};
			name = Release;
		};
		8B272EB7235FC9CD007AE3EF /* Debug */ = {
			isa = XCBuildConfiguration;
			buildSettings = {
				ASSETCATALOG_COMPILER_APPICON_NAME = AppIcon;
				CODE_SIGN_STYLE = Automatic;
				DEVELOPMENT_ASSET_PATHS = "\"MetalTutoral/Preview Content\"";
				DEVELOPMENT_TEAM = F3Y86DYW9G;
				ENABLE_PREVIEWS = YES;
				INFOPLIST_FILE = MetalTutoral/Info.plist;
				LD_RUNPATH_SEARCH_PATHS = (
					"$(inherited)",
					"@executable_path/Frameworks",
				);
				PRODUCT_BUNDLE_IDENTIFIER = com.sabien.MetalTutoral;
				PRODUCT_NAME = "$(TARGET_NAME)";
				SWIFT_VERSION = 5.0;
				TARGETED_DEVICE_FAMILY = "1,2";
			};
			name = Debug;
		};
		8B272EB8235FC9CD007AE3EF /* Release */ = {
			isa = XCBuildConfiguration;
			buildSettings = {
				ASSETCATALOG_COMPILER_APPICON_NAME = AppIcon;
				CODE_SIGN_STYLE = Automatic;
				DEVELOPMENT_ASSET_PATHS = "\"MetalTutoral/Preview Content\"";
				DEVELOPMENT_TEAM = F3Y86DYW9G;
				ENABLE_PREVIEWS = YES;
				INFOPLIST_FILE = MetalTutoral/Info.plist;
				LD_RUNPATH_SEARCH_PATHS = (
					"$(inherited)",
					"@executable_path/Frameworks",
				);
				PRODUCT_BUNDLE_IDENTIFIER = com.sabien.MetalTutoral;
				PRODUCT_NAME = "$(TARGET_NAME)";
				SWIFT_VERSION = 5.0;
				TARGETED_DEVICE_FAMILY = "1,2";
			};
			name = Release;
		};
/* End XCBuildConfiguration section */

/* Begin XCConfigurationList section */
		8B272E9D235FC9CB007AE3EF /* Build configuration list for PBXProject "MetalTutoral" */ = {
			isa = XCConfigurationList;
			buildConfigurations = (
				8B272EB4235FC9CD007AE3EF /* Debug */,
				8B272EB5235FC9CD007AE3EF /* Release */,
			);
			defaultConfigurationIsVisible = 0;
			defaultConfigurationName = Release;
		};
		8B272EB6235FC9CD007AE3EF /* Build configuration list for PBXNativeTarget "MetalTutoral" */ = {
			isa = XCConfigurationList;
			buildConfigurations = (
				8B272EB7235FC9CD007AE3EF /* Debug */,
				8B272EB8235FC9CD007AE3EF /* Release */,
			);
			defaultConfigurationIsVisible = 0;
			defaultConfigurationName = Release;
		};
/* End XCConfigurationList section */

/* Begin XCRemoteSwiftPackageReference section */
		8BEAAE8B237B9A2C005CDB8F /* XCRemoteSwiftPackageReference "SwiftUIKit" */ = {
			isa = XCRemoteSwiftPackageReference;
			repositoryURL = "https://github.com/zmeriksen/SwiftUIKit";
			requirement = {
				kind = upToNextMajorVersion;
				minimumVersion = 0.5.0;
			};
		};
/* End XCRemoteSwiftPackageReference section */

/* Begin XCSwiftPackageProductDependency section */
		8BEAAE8C237B9A2C005CDB8F /* SwiftUIKit */ = {
			isa = XCSwiftPackageProductDependency;
			package = 8BEAAE8B237B9A2C005CDB8F /* XCRemoteSwiftPackageReference "SwiftUIKit" */;
			productName = SwiftUIKit;
		};
/* End XCSwiftPackageProductDependency section */
	};
	rootObject = 8B272E9A235FC9CB007AE3EF /* Project object */;
}
