{
  "object": {
    "pins": [
      {
        "package": "SwiftUIKit",
        "repositoryURL": "https://github.com/zmeriksen/SwiftUIKit",
        "state": {
          "branch": null,
          "revision": "b9747614e0d1507a971ad9903bb0570033bda951",
          "version": "0.5.0"
        }
      }
    ]
  },
  "version": 1
}
